
Microsoft Visual Studio Solution File, Format Version 12.00
# Visual Studio 15
VisualStudioVersion = 15.0.26228.9
MinimumVisualStudioVersion = 10.0.40219.1
Project("{FAE04EC0-301F-11D3-BF4B-00C04F79EFBC}") = "App", "src\App\App.csproj", "{C9C161DE-31A7-4426-B523-7302DFF6B66A}"
EndProject
Project("{FAE04EC0-301F-11D3-BF4B-00C04F79EFBC}") = "Screen", "src\Screen\Screen.csproj", "{ADEA0E3B-E6AF-403B-B293-F3BC88F426BA}"
EndProject
Global
	GlobalSection(SolutionConfigurationPlatforms) = preSolution
		Debug|Any CPU = Debug|Any CPU
		Release|Any CPU = Release|Any CPU
	EndGlobalSection
	GlobalSection(ProjectConfigurationPlatforms) = postSolution
		{C9C161DE-31A7-4426-B523-7302DFF6B66A}.Debug|Any CPU.ActiveCfg = Debug|Any CPU
		{C9C161DE-31A7-4426-B523-7302DFF6B66A}.Debug|Any CPU.Build.0 = Debug|Any CPU
		{C9C161DE-31A7-4426-B523-7302DFF6B66A}.Release|Any CPU.ActiveCfg = Release|Any CPU
		{C9C161DE-31A7-4426-B523-7302DFF6B66A}.Release|Any CPU.Build.0 = Release|Any CPU
		{ADEA0E3B-E6AF-403B-B293-F3BC88F426BA}.Debug|Any CPU.ActiveCfg = Debug|Any CPU
		{ADEA0E3B-E6AF-403B-B293-F3BC88F426BA}.Debug|Any CPU.Build.0 = Debug|Any CPU
		{ADEA0E3B-E6AF-403B-B293-F3BC88F426BA}.Release|Any CPU.ActiveCfg = Release|Any CPU
		{ADEA0E3B-E6AF-403B-B293-F3BC88F426BA}.Release|Any CPU.Build.0 = Release|Any CPU
	EndGlobalSection
	GlobalSection(SolutionProperties) = preSolution
		HideSolutionNode = FALSE
	EndGlobalSection
EndGlobal
