
Microsoft Visual Studio Solution File, Format Version 12.00
# Visual Studio 15
VisualStudioVersion = 15.0.26430.13
MinimumVisualStudioVersion = 10.0.40219.1
Project("{FAE04EC0-301F-11D3-BF4B-00C04F79EFBC}") = "App", "src\App\App.csproj", "{C9C161DE-31A7-4426-B523-7302DFF6B66A}"
EndProject
Project("{FAE04EC0-301F-11D3-BF4B-00C04F79EFBC}") = "Screen", "src\Screen\Screen.csproj", "{ADEA0E3B-E6AF-403B-B293-F3BC88F426BA}"
EndProject
Project("{2150E333-8FDC-42A3-9474-1A3956D46DE8}") = "samples", "samples", "{37EB4CB8-4D2F-4852-9EDD-5CC736A8F4E6}"
	ProjectSection(SolutionItems) = preProject
		samples\000.xaml = samples\000.xaml
	EndProjectSection
EndProject
Project("{FAE04EC0-301F-11D3-BF4B-00C04F79EFBC}") = "MouseKeyHook", "..\..\OSS\MouseKeyHook\MouseKeyHook\MouseKeyHook.csproj", "{F52AA97E-180A-40ED-8F2B-09080171D6C7}"
EndProject
Project("{2150E333-8FDC-42A3-9474-1A3956D46DE8}") = "Repo", "Repo", "{55FC7D5D-8916-4720-B14D-464B3FEDE46D}"
	ProjectSection(SolutionItems) = preProject
		.gitignore = .gitignore
	EndProjectSection
EndProject
Project("{930C7802-8A8C-48F9-8165-68863BCCD9DD}") = "Stack.Setup", "src\Setup\Stack.Setup.wixproj", "{1A3D79A3-8EA3-4FC4-B78B-3E73A2998782}"
EndProject
Project("{2150E333-8FDC-42A3-9474-1A3956D46DE8}") = "Deps", "Deps", "{30516558-7C3B-4FE9-BDA4-8343329FA665}"
EndProject
Project("{9A19103F-16F7-4668-BE54-9A1E7A4F7556}") = "ObservableFileSystem", "..\..\App\ObservableFileSystem\src\ObservableFileSystem.csproj", "{B8AD0753-625F-41E0-A90D-05D587CF0780}"
EndProject
Project("{FAE04EC0-301F-11D3-BF4B-00C04F79EFBC}") = "WPF", "..\..\App\KeySettings\src\WPF\WPF.csproj", "{F0F57D7C-F2AA-4046-9692-E30D896E8515}"
EndProject
Project("{262852C6-CD72-467D-83FE-5EEB1973A190}") = "Store", "src\Store\Store.jsproj", "{90D49852-4577-46C6-B97B-7E044B39D5FD}"
EndProject
Global
	GlobalSection(SolutionConfigurationPlatforms) = preSolution
		Debug|Any CPU = Debug|Any CPU
		Debug|ARM = Debug|ARM
		Debug|x64 = Debug|x64
		Debug|x86 = Debug|x86
		Release|Any CPU = Release|Any CPU
		Release|ARM = Release|ARM
		Release|x64 = Release|x64
		Release|x86 = Release|x86
	EndGlobalSection
	GlobalSection(ProjectConfigurationPlatforms) = postSolution
		{C9C161DE-31A7-4426-B523-7302DFF6B66A}.Debug|Any CPU.ActiveCfg = Debug|Any CPU
		{C9C161DE-31A7-4426-B523-7302DFF6B66A}.Debug|Any CPU.Build.0 = Debug|Any CPU
		{C9C161DE-31A7-4426-B523-7302DFF6B66A}.Debug|ARM.ActiveCfg = Debug|Any CPU
		{C9C161DE-31A7-4426-B523-7302DFF6B66A}.Debug|ARM.Build.0 = Debug|Any CPU
		{C9C161DE-31A7-4426-B523-7302DFF6B66A}.Debug|x64.ActiveCfg = Debug|Any CPU
		{C9C161DE-31A7-4426-B523-7302DFF6B66A}.Debug|x64.Build.0 = Debug|Any CPU
		{C9C161DE-31A7-4426-B523-7302DFF6B66A}.Debug|x86.ActiveCfg = Debug|Any CPU
		{C9C161DE-31A7-4426-B523-7302DFF6B66A}.Debug|x86.Build.0 = Debug|Any CPU
		{C9C161DE-31A7-4426-B523-7302DFF6B66A}.Release|Any CPU.ActiveCfg = Release|Any CPU
		{C9C161DE-31A7-4426-B523-7302DFF6B66A}.Release|Any CPU.Build.0 = Release|Any CPU
		{C9C161DE-31A7-4426-B523-7302DFF6B66A}.Release|ARM.ActiveCfg = Release|Any CPU
		{C9C161DE-31A7-4426-B523-7302DFF6B66A}.Release|ARM.Build.0 = Release|Any CPU
		{C9C161DE-31A7-4426-B523-7302DFF6B66A}.Release|x64.ActiveCfg = Release|Any CPU
		{C9C161DE-31A7-4426-B523-7302DFF6B66A}.Release|x64.Build.0 = Release|Any CPU
		{C9C161DE-31A7-4426-B523-7302DFF6B66A}.Release|x86.ActiveCfg = Release|Any CPU
		{C9C161DE-31A7-4426-B523-7302DFF6B66A}.Release|x86.Build.0 = Release|Any CPU
		{ADEA0E3B-E6AF-403B-B293-F3BC88F426BA}.Debug|Any CPU.ActiveCfg = Debug|Any CPU
		{ADEA0E3B-E6AF-403B-B293-F3BC88F426BA}.Debug|Any CPU.Build.0 = Debug|Any CPU
		{ADEA0E3B-E6AF-403B-B293-F3BC88F426BA}.Debug|ARM.ActiveCfg = Debug|Any CPU
		{ADEA0E3B-E6AF-403B-B293-F3BC88F426BA}.Debug|ARM.Build.0 = Debug|Any CPU
		{ADEA0E3B-E6AF-403B-B293-F3BC88F426BA}.Debug|x64.ActiveCfg = Debug|Any CPU
		{ADEA0E3B-E6AF-403B-B293-F3BC88F426BA}.Debug|x64.Build.0 = Debug|Any CPU
		{ADEA0E3B-E6AF-403B-B293-F3BC88F426BA}.Debug|x86.ActiveCfg = Debug|Any CPU
		{ADEA0E3B-E6AF-403B-B293-F3BC88F426BA}.Debug|x86.Build.0 = Debug|Any CPU
		{ADEA0E3B-E6AF-403B-B293-F3BC88F426BA}.Release|Any CPU.ActiveCfg = Release|Any CPU
		{ADEA0E3B-E6AF-403B-B293-F3BC88F426BA}.Release|Any CPU.Build.0 = Release|Any CPU
		{ADEA0E3B-E6AF-403B-B293-F3BC88F426BA}.Release|ARM.ActiveCfg = Release|Any CPU
		{ADEA0E3B-E6AF-403B-B293-F3BC88F426BA}.Release|ARM.Build.0 = Release|Any CPU
		{ADEA0E3B-E6AF-403B-B293-F3BC88F426BA}.Release|x64.ActiveCfg = Release|Any CPU
		{ADEA0E3B-E6AF-403B-B293-F3BC88F426BA}.Release|x64.Build.0 = Release|Any CPU
		{ADEA0E3B-E6AF-403B-B293-F3BC88F426BA}.Release|x86.ActiveCfg = Release|Any CPU
		{ADEA0E3B-E6AF-403B-B293-F3BC88F426BA}.Release|x86.Build.0 = Release|Any CPU
		{F52AA97E-180A-40ED-8F2B-09080171D6C7}.Debug|Any CPU.ActiveCfg = Debug|Any CPU
		{F52AA97E-180A-40ED-8F2B-09080171D6C7}.Debug|Any CPU.Build.0 = Debug|Any CPU
		{F52AA97E-180A-40ED-8F2B-09080171D6C7}.Debug|ARM.ActiveCfg = Debug|Any CPU
		{F52AA97E-180A-40ED-8F2B-09080171D6C7}.Debug|ARM.Build.0 = Debug|Any CPU
		{F52AA97E-180A-40ED-8F2B-09080171D6C7}.Debug|x64.ActiveCfg = Debug|Any CPU
		{F52AA97E-180A-40ED-8F2B-09080171D6C7}.Debug|x64.Build.0 = Debug|Any CPU
		{F52AA97E-180A-40ED-8F2B-09080171D6C7}.Debug|x86.ActiveCfg = Debug|Any CPU
		{F52AA97E-180A-40ED-8F2B-09080171D6C7}.Debug|x86.Build.0 = Debug|Any CPU
		{F52AA97E-180A-40ED-8F2B-09080171D6C7}.Release|Any CPU.ActiveCfg = Release|Any CPU
		{F52AA97E-180A-40ED-8F2B-09080171D6C7}.Release|Any CPU.Build.0 = Release|Any CPU
		{F52AA97E-180A-40ED-8F2B-09080171D6C7}.Release|ARM.ActiveCfg = Release|Any CPU
		{F52AA97E-180A-40ED-8F2B-09080171D6C7}.Release|ARM.Build.0 = Release|Any CPU
		{F52AA97E-180A-40ED-8F2B-09080171D6C7}.Release|x64.ActiveCfg = Release|Any CPU
		{F52AA97E-180A-40ED-8F2B-09080171D6C7}.Release|x64.Build.0 = Release|Any CPU
		{F52AA97E-180A-40ED-8F2B-09080171D6C7}.Release|x86.ActiveCfg = Release|Any CPU
		{F52AA97E-180A-40ED-8F2B-09080171D6C7}.Release|x86.Build.0 = Release|Any CPU
		{1A3D79A3-8EA3-4FC4-B78B-3E73A2998782}.Debug|Any CPU.ActiveCfg = Debug|x86
		{1A3D79A3-8EA3-4FC4-B78B-3E73A2998782}.Debug|Any CPU.Build.0 = Debug|x86
		{1A3D79A3-8EA3-4FC4-B78B-3E73A2998782}.Debug|ARM.ActiveCfg = Debug|x86
		{1A3D79A3-8EA3-4FC4-B78B-3E73A2998782}.Debug|x64.ActiveCfg = Debug|x86
		{1A3D79A3-8EA3-4FC4-B78B-3E73A2998782}.Debug|x86.ActiveCfg = Debug|x86
		{1A3D79A3-8EA3-4FC4-B78B-3E73A2998782}.Debug|x86.Build.0 = Debug|x86
		{1A3D79A3-8EA3-4FC4-B78B-3E73A2998782}.Release|Any CPU.ActiveCfg = Release|x86
		{1A3D79A3-8EA3-4FC4-B78B-3E73A2998782}.Release|Any CPU.Build.0 = Release|x86
		{1A3D79A3-8EA3-4FC4-B78B-3E73A2998782}.Release|ARM.ActiveCfg = Release|x86
		{1A3D79A3-8EA3-4FC4-B78B-3E73A2998782}.Release|x64.ActiveCfg = Release|x86
		{1A3D79A3-8EA3-4FC4-B78B-3E73A2998782}.Release|x86.ActiveCfg = Release|x86
		{1A3D79A3-8EA3-4FC4-B78B-3E73A2998782}.Release|x86.Build.0 = Release|x86
		{B8AD0753-625F-41E0-A90D-05D587CF0780}.Debug|Any CPU.ActiveCfg = Debug|Any CPU
		{B8AD0753-625F-41E0-A90D-05D587CF0780}.Debug|Any CPU.Build.0 = Debug|Any CPU
		{B8AD0753-625F-41E0-A90D-05D587CF0780}.Debug|ARM.ActiveCfg = Debug|Any CPU
		{B8AD0753-625F-41E0-A90D-05D587CF0780}.Debug|ARM.Build.0 = Debug|Any CPU
		{B8AD0753-625F-41E0-A90D-05D587CF0780}.Debug|x64.ActiveCfg = Debug|Any CPU
		{B8AD0753-625F-41E0-A90D-05D587CF0780}.Debug|x64.Build.0 = Debug|Any CPU
		{B8AD0753-625F-41E0-A90D-05D587CF0780}.Debug|x86.ActiveCfg = Debug|Any CPU
		{B8AD0753-625F-41E0-A90D-05D587CF0780}.Debug|x86.Build.0 = Debug|Any CPU
		{B8AD0753-625F-41E0-A90D-05D587CF0780}.Release|Any CPU.ActiveCfg = Release|Any CPU
		{B8AD0753-625F-41E0-A90D-05D587CF0780}.Release|Any CPU.Build.0 = Release|Any CPU
		{B8AD0753-625F-41E0-A90D-05D587CF0780}.Release|ARM.ActiveCfg = Release|Any CPU
		{B8AD0753-625F-41E0-A90D-05D587CF0780}.Release|ARM.Build.0 = Release|Any CPU
		{B8AD0753-625F-41E0-A90D-05D587CF0780}.Release|x64.ActiveCfg = Release|Any CPU
		{B8AD0753-625F-41E0-A90D-05D587CF0780}.Release|x64.Build.0 = Release|Any CPU
		{B8AD0753-625F-41E0-A90D-05D587CF0780}.Release|x86.ActiveCfg = Release|Any CPU
		{B8AD0753-625F-41E0-A90D-05D587CF0780}.Release|x86.Build.0 = Release|Any CPU
		{F0F57D7C-F2AA-4046-9692-E30D896E8515}.Debug|Any CPU.ActiveCfg = Debug|Any CPU
		{F0F57D7C-F2AA-4046-9692-E30D896E8515}.Debug|Any CPU.Build.0 = Debug|Any CPU
		{F0F57D7C-F2AA-4046-9692-E30D896E8515}.Debug|ARM.ActiveCfg = Debug|Any CPU
		{F0F57D7C-F2AA-4046-9692-E30D896E8515}.Debug|ARM.Build.0 = Debug|Any CPU
		{F0F57D7C-F2AA-4046-9692-E30D896E8515}.Debug|x64.ActiveCfg = Debug|Any CPU
		{F0F57D7C-F2AA-4046-9692-E30D896E8515}.Debug|x64.Build.0 = Debug|Any CPU
		{F0F57D7C-F2AA-4046-9692-E30D896E8515}.Debug|x86.ActiveCfg = Debug|Any CPU
		{F0F57D7C-F2AA-4046-9692-E30D896E8515}.Debug|x86.Build.0 = Debug|Any CPU
		{F0F57D7C-F2AA-4046-9692-E30D896E8515}.Release|Any CPU.ActiveCfg = Release|Any CPU
		{F0F57D7C-F2AA-4046-9692-E30D896E8515}.Release|Any CPU.Build.0 = Release|Any CPU
		{F0F57D7C-F2AA-4046-9692-E30D896E8515}.Release|ARM.ActiveCfg = Release|Any CPU
		{F0F57D7C-F2AA-4046-9692-E30D896E8515}.Release|ARM.Build.0 = Release|Any CPU
		{F0F57D7C-F2AA-4046-9692-E30D896E8515}.Release|x64.ActiveCfg = Release|Any CPU
		{F0F57D7C-F2AA-4046-9692-E30D896E8515}.Release|x64.Build.0 = Release|Any CPU
		{F0F57D7C-F2AA-4046-9692-E30D896E8515}.Release|x86.ActiveCfg = Release|Any CPU
		{F0F57D7C-F2AA-4046-9692-E30D896E8515}.Release|x86.Build.0 = Release|Any CPU
		{90D49852-4577-46C6-B97B-7E044B39D5FD}.Debug|Any CPU.ActiveCfg = Debug|Any CPU
		{90D49852-4577-46C6-B97B-7E044B39D5FD}.Debug|Any CPU.Build.0 = Debug|Any CPU
		{90D49852-4577-46C6-B97B-7E044B39D5FD}.Debug|Any CPU.Deploy.0 = Debug|Any CPU
		{90D49852-4577-46C6-B97B-7E044B39D5FD}.Debug|ARM.ActiveCfg = Debug|ARM
		{90D49852-4577-46C6-B97B-7E044B39D5FD}.Debug|ARM.Build.0 = Debug|ARM
		{90D49852-4577-46C6-B97B-7E044B39D5FD}.Debug|ARM.Deploy.0 = Debug|ARM
		{90D49852-4577-46C6-B97B-7E044B39D5FD}.Debug|x64.ActiveCfg = Debug|x64
		{90D49852-4577-46C6-B97B-7E044B39D5FD}.Debug|x64.Build.0 = Debug|x64
		{90D49852-4577-46C6-B97B-7E044B39D5FD}.Debug|x64.Deploy.0 = Debug|x64
		{90D49852-4577-46C6-B97B-7E044B39D5FD}.Debug|x86.ActiveCfg = Debug|x86
		{90D49852-4577-46C6-B97B-7E044B39D5FD}.Debug|x86.Build.0 = Debug|x86
		{90D49852-4577-46C6-B97B-7E044B39D5FD}.Debug|x86.Deploy.0 = Debug|x86
		{90D49852-4577-46C6-B97B-7E044B39D5FD}.Release|Any CPU.ActiveCfg = Release|Any CPU
		{90D49852-4577-46C6-B97B-7E044B39D5FD}.Release|Any CPU.Build.0 = Release|Any CPU
		{90D49852-4577-46C6-B97B-7E044B39D5FD}.Release|Any CPU.Deploy.0 = Release|Any CPU
		{90D49852-4577-46C6-B97B-7E044B39D5FD}.Release|ARM.ActiveCfg = Release|ARM
		{90D49852-4577-46C6-B97B-7E044B39D5FD}.Release|ARM.Build.0 = Release|ARM
		{90D49852-4577-46C6-B97B-7E044B39D5FD}.Release|ARM.Deploy.0 = Release|ARM
		{90D49852-4577-46C6-B97B-7E044B39D5FD}.Release|x64.ActiveCfg = Release|x64
		{90D49852-4577-46C6-B97B-7E044B39D5FD}.Release|x64.Build.0 = Release|x64
		{90D49852-4577-46C6-B97B-7E044B39D5FD}.Release|x64.Deploy.0 = Release|x64
		{90D49852-4577-46C6-B97B-7E044B39D5FD}.Release|x86.ActiveCfg = Release|x86
		{90D49852-4577-46C6-B97B-7E044B39D5FD}.Release|x86.Build.0 = Release|x86
		{90D49852-4577-46C6-B97B-7E044B39D5FD}.Release|x86.Deploy.0 = Release|x86
	EndGlobalSection
	GlobalSection(SolutionProperties) = preSolution
		HideSolutionNode = FALSE
	EndGlobalSection
	GlobalSection(NestedProjects) = preSolution
		{B8AD0753-625F-41E0-A90D-05D587CF0780} = {30516558-7C3B-4FE9-BDA4-8343329FA665}
		{F0F57D7C-F2AA-4046-9692-E30D896E8515} = {30516558-7C3B-4FE9-BDA4-8343329FA665}
	EndGlobalSection
EndGlobal
