
Microsoft Visual Studio Solution File, Format Version 12.00
# Visual Studio 15
VisualStudioVersion = 15.0.26228.12
MinimumVisualStudioVersion = 10.0.40219.1
Project("{FAE04EC0-301F-11D3-BF4B-00C04F79EFBC}") = "App", "src\App\App.csproj", "{C9C161DE-31A7-4426-B523-7302DFF6B66A}"
EndProject
Project("{FAE04EC0-301F-11D3-BF4B-00C04F79EFBC}") = "Screen", "src\Screen\Screen.csproj", "{ADEA0E3B-E6AF-403B-B293-F3BC88F426BA}"
EndProject
Project("{2150E333-8FDC-42A3-9474-1A3956D46DE8}") = "samples", "samples", "{37EB4CB8-4D2F-4852-9EDD-5CC736A8F4E6}"
	ProjectSection(SolutionItems) = preProject
		samples\000.xaml = samples\000.xaml
	EndProjectSection
EndProject
Project("{FAE04EC0-301F-11D3-BF4B-00C04F79EFBC}") = "MouseKeyHook", "..\..\OSS\MouseKeyHook\MouseKeyHook\MouseKeyHook.csproj", "{F52AA97E-180A-40ED-8F2B-09080171D6C7}"
EndProject
Project("{FAE04EC0-301F-11D3-BF4B-00C04F79EFBC}") = "Zones.UWP", "src\UWP\Zones.UWP.csproj", "{19873EED-25C9-4663-A9A2-1075A940DFDA}"
	ProjectSection(ProjectDependencies) = postProject
		{C9C161DE-31A7-4426-B523-7302DFF6B66A} = {C9C161DE-31A7-4426-B523-7302DFF6B66A}
	EndProjectSection
EndProject
Project("{2150E333-8FDC-42A3-9474-1A3956D46DE8}") = "Repo", "Repo", "{55FC7D5D-8916-4720-B14D-464B3FEDE46D}"
	ProjectSection(SolutionItems) = preProject
		.gitignore = .gitignore
	EndProjectSection
EndProject
Global
	GlobalSection(SolutionConfigurationPlatforms) = preSolution
		Debug|Any CPU = Debug|Any CPU
		Debug|ARM = Debug|ARM
		Debug|x64 = Debug|x64
		Debug|x86 = Debug|x86
		Release|Any CPU = Release|Any CPU
		Release|ARM = Release|ARM
		Release|x64 = Release|x64
		Release|x86 = Release|x86
	EndGlobalSection
	GlobalSection(ProjectConfigurationPlatforms) = postSolution
		{C9C161DE-31A7-4426-B523-7302DFF6B66A}.Debug|Any CPU.ActiveCfg = Debug|Any CPU
		{C9C161DE-31A7-4426-B523-7302DFF6B66A}.Debug|Any CPU.Build.0 = Debug|Any CPU
		{C9C161DE-31A7-4426-B523-7302DFF6B66A}.Debug|ARM.ActiveCfg = Debug|Any CPU
		{C9C161DE-31A7-4426-B523-7302DFF6B66A}.Debug|ARM.Build.0 = Debug|Any CPU
		{C9C161DE-31A7-4426-B523-7302DFF6B66A}.Debug|x64.ActiveCfg = Debug|Any CPU
		{C9C161DE-31A7-4426-B523-7302DFF6B66A}.Debug|x64.Build.0 = Debug|Any CPU
		{C9C161DE-31A7-4426-B523-7302DFF6B66A}.Debug|x86.ActiveCfg = Debug|Any CPU
		{C9C161DE-31A7-4426-B523-7302DFF6B66A}.Debug|x86.Build.0 = Debug|Any CPU
		{C9C161DE-31A7-4426-B523-7302DFF6B66A}.Release|Any CPU.ActiveCfg = Release|Any CPU
		{C9C161DE-31A7-4426-B523-7302DFF6B66A}.Release|Any CPU.Build.0 = Release|Any CPU
		{C9C161DE-31A7-4426-B523-7302DFF6B66A}.Release|ARM.ActiveCfg = Release|Any CPU
		{C9C161DE-31A7-4426-B523-7302DFF6B66A}.Release|ARM.Build.0 = Release|Any CPU
		{C9C161DE-31A7-4426-B523-7302DFF6B66A}.Release|x64.ActiveCfg = Release|Any CPU
		{C9C161DE-31A7-4426-B523-7302DFF6B66A}.Release|x64.Build.0 = Release|Any CPU
		{C9C161DE-31A7-4426-B523-7302DFF6B66A}.Release|x86.ActiveCfg = Release|Any CPU
		{C9C161DE-31A7-4426-B523-7302DFF6B66A}.Release|x86.Build.0 = Release|Any CPU
		{ADEA0E3B-E6AF-403B-B293-F3BC88F426BA}.Debug|Any CPU.ActiveCfg = Debug|Any CPU
		{ADEA0E3B-E6AF-403B-B293-F3BC88F426BA}.Debug|Any CPU.Build.0 = Debug|Any CPU
		{ADEA0E3B-E6AF-403B-B293-F3BC88F426BA}.Debug|ARM.ActiveCfg = Debug|Any CPU
		{ADEA0E3B-E6AF-403B-B293-F3BC88F426BA}.Debug|ARM.Build.0 = Debug|Any CPU
		{ADEA0E3B-E6AF-403B-B293-F3BC88F426BA}.Debug|x64.ActiveCfg = Debug|Any CPU
		{ADEA0E3B-E6AF-403B-B293-F3BC88F426BA}.Debug|x64.Build.0 = Debug|Any CPU
		{ADEA0E3B-E6AF-403B-B293-F3BC88F426BA}.Debug|x86.ActiveCfg = Debug|Any CPU
		{ADEA0E3B-E6AF-403B-B293-F3BC88F426BA}.Debug|x86.Build.0 = Debug|Any CPU
		{ADEA0E3B-E6AF-403B-B293-F3BC88F426BA}.Release|Any CPU.ActiveCfg = Release|Any CPU
		{ADEA0E3B-E6AF-403B-B293-F3BC88F426BA}.Release|Any CPU.Build.0 = Release|Any CPU
		{ADEA0E3B-E6AF-403B-B293-F3BC88F426BA}.Release|ARM.ActiveCfg = Release|Any CPU
		{ADEA0E3B-E6AF-403B-B293-F3BC88F426BA}.Release|ARM.Build.0 = Release|Any CPU
		{ADEA0E3B-E6AF-403B-B293-F3BC88F426BA}.Release|x64.ActiveCfg = Release|Any CPU
		{ADEA0E3B-E6AF-403B-B293-F3BC88F426BA}.Release|x64.Build.0 = Release|Any CPU
		{ADEA0E3B-E6AF-403B-B293-F3BC88F426BA}.Release|x86.ActiveCfg = Release|Any CPU
		{ADEA0E3B-E6AF-403B-B293-F3BC88F426BA}.Release|x86.Build.0 = Release|Any CPU
		{F52AA97E-180A-40ED-8F2B-09080171D6C7}.Debug|Any CPU.ActiveCfg = Debug|Any CPU
		{F52AA97E-180A-40ED-8F2B-09080171D6C7}.Debug|Any CPU.Build.0 = Debug|Any CPU
		{F52AA97E-180A-40ED-8F2B-09080171D6C7}.Debug|ARM.ActiveCfg = Debug|Any CPU
		{F52AA97E-180A-40ED-8F2B-09080171D6C7}.Debug|ARM.Build.0 = Debug|Any CPU
		{F52AA97E-180A-40ED-8F2B-09080171D6C7}.Debug|x64.ActiveCfg = Debug|Any CPU
		{F52AA97E-180A-40ED-8F2B-09080171D6C7}.Debug|x64.Build.0 = Debug|Any CPU
		{F52AA97E-180A-40ED-8F2B-09080171D6C7}.Debug|x86.ActiveCfg = Debug|Any CPU
		{F52AA97E-180A-40ED-8F2B-09080171D6C7}.Debug|x86.Build.0 = Debug|Any CPU
		{F52AA97E-180A-40ED-8F2B-09080171D6C7}.Release|Any CPU.ActiveCfg = Release|Any CPU
		{F52AA97E-180A-40ED-8F2B-09080171D6C7}.Release|Any CPU.Build.0 = Release|Any CPU
		{F52AA97E-180A-40ED-8F2B-09080171D6C7}.Release|ARM.ActiveCfg = Release|Any CPU
		{F52AA97E-180A-40ED-8F2B-09080171D6C7}.Release|ARM.Build.0 = Release|Any CPU
		{F52AA97E-180A-40ED-8F2B-09080171D6C7}.Release|x64.ActiveCfg = Release|Any CPU
		{F52AA97E-180A-40ED-8F2B-09080171D6C7}.Release|x64.Build.0 = Release|Any CPU
		{F52AA97E-180A-40ED-8F2B-09080171D6C7}.Release|x86.ActiveCfg = Release|Any CPU
		{F52AA97E-180A-40ED-8F2B-09080171D6C7}.Release|x86.Build.0 = Release|Any CPU
		{19873EED-25C9-4663-A9A2-1075A940DFDA}.Debug|Any CPU.ActiveCfg = Release|x86
		{19873EED-25C9-4663-A9A2-1075A940DFDA}.Debug|Any CPU.Build.0 = Release|x86
		{19873EED-25C9-4663-A9A2-1075A940DFDA}.Debug|ARM.ActiveCfg = Debug|ARM
		{19873EED-25C9-4663-A9A2-1075A940DFDA}.Debug|ARM.Build.0 = Debug|ARM
		{19873EED-25C9-4663-A9A2-1075A940DFDA}.Debug|ARM.Deploy.0 = Debug|ARM
		{19873EED-25C9-4663-A9A2-1075A940DFDA}.Debug|x64.ActiveCfg = Debug|x64
		{19873EED-25C9-4663-A9A2-1075A940DFDA}.Debug|x64.Build.0 = Debug|x64
		{19873EED-25C9-4663-A9A2-1075A940DFDA}.Debug|x64.Deploy.0 = Debug|x64
		{19873EED-25C9-4663-A9A2-1075A940DFDA}.Debug|x86.ActiveCfg = Debug|x86
		{19873EED-25C9-4663-A9A2-1075A940DFDA}.Debug|x86.Build.0 = Debug|x86
		{19873EED-25C9-4663-A9A2-1075A940DFDA}.Debug|x86.Deploy.0 = Debug|x86
		{19873EED-25C9-4663-A9A2-1075A940DFDA}.Release|Any CPU.ActiveCfg = Release|x86
		{19873EED-25C9-4663-A9A2-1075A940DFDA}.Release|ARM.ActiveCfg = Release|ARM
		{19873EED-25C9-4663-A9A2-1075A940DFDA}.Release|ARM.Build.0 = Release|ARM
		{19873EED-25C9-4663-A9A2-1075A940DFDA}.Release|ARM.Deploy.0 = Release|ARM
		{19873EED-25C9-4663-A9A2-1075A940DFDA}.Release|x64.ActiveCfg = Release|x64
		{19873EED-25C9-4663-A9A2-1075A940DFDA}.Release|x64.Build.0 = Release|x64
		{19873EED-25C9-4663-A9A2-1075A940DFDA}.Release|x64.Deploy.0 = Release|x64
		{19873EED-25C9-4663-A9A2-1075A940DFDA}.Release|x86.ActiveCfg = Release|x86
		{19873EED-25C9-4663-A9A2-1075A940DFDA}.Release|x86.Build.0 = Release|x86
		{19873EED-25C9-4663-A9A2-1075A940DFDA}.Release|x86.Deploy.0 = Release|x86
	EndGlobalSection
	GlobalSection(SolutionProperties) = preSolution
		HideSolutionNode = FALSE
	EndGlobalSection
EndGlobal
